
Microsoft Visual Studio Solution File, Format Version 12.00
# Visual Studio Version 16
VisualStudioVersion = 16.0.32106.194
MinimumVisualStudioVersion = 10.0.40219.1
Project("{FAE04EC0-301F-11D3-BF4B-00C04F79EFBC}") = "WebApi", "WebApi\WebApi.csproj", "{80C9B60F-6CD8-4005-9B02-458EEB944CA8}"
EndProject
Global
	GlobalSection(SolutionConfigurationPlatforms) = preSolution
		Debug|Any CPU = Debug|Any CPU
		Release|Any CPU = Release|Any CPU
	EndGlobalSection
	GlobalSection(ProjectConfigurationPlatforms) = postSolution
		{80C9B60F-6CD8-4005-9B02-458EEB944CA8}.Debug|Any CPU.ActiveCfg = Debug|Any CPU
		{80C9B60F-6CD8-4005-9B02-458EEB944CA8}.Debug|Any CPU.Build.0 = Debug|Any CPU
		{80C9B60F-6CD8-4005-9B02-458EEB944CA8}.Release|Any CPU.ActiveCfg = Release|Any CPU
		{80C9B60F-6CD8-4005-9B02-458EEB944CA8}.Release|Any CPU.Build.0 = Release|Any CPU
	EndGlobalSection
	GlobalSection(SolutionProperties) = preSolution
		HideSolutionNode = FALSE
	EndGlobalSection
	GlobalSection(ExtensibilityGlobals) = postSolution
		SolutionGuid = {BB00E930-6E58-4851-A7A8-800B28383F30}
	EndGlobalSection
EndGlobal
